<?xml version="1.0" encoding="utf-8"?>
<Project ToolsVersion="4.0" xmlns="http://schemas.microsoft.com/developer/msbuild/2003">
  <ItemGroup>
    <ClCompile Include="HelpCommand.cpp" />
    <ClCompile Include="ReadCommand.cpp" />
    <ClCompile Include="Script1.cpp" />
    <ClCompile Include="Script2.cpp" />
    <ClCompile Include="Script3.cpp" />
    <ClCompile Include="src\main.cpp" />
    <ClCompile Include="TestShell.cpp" />
    <ClCompile Include="test\test_main.cpp" />
    <ClCompile Include="test_TestShellMain.cpp" />
    <ClCompile Include="WriteCommand.cpp" />
    <ClCompile Include="$(MSBuildThisFileDirectory)..\..\lib\native\src\gtest\gtest-all.cc" />
    <ClCompile Include="$(MSBuildThisFileDirectory)..\..\lib\native\src\gmock\gmock-all.cc" />
    <ClCompile Include="FullReadCommand.cpp" />
  </ItemGroup>
  <ItemGroup>
    <ClInclude Include="ExitCommand.h" />
    <ClInclude Include="HelpCommand.h" />
    <ClInclude Include="ICommand.h" />
    <ClInclude Include="ReadCommand.h" />
    <ClInclude Include="Script1.h" />
    <ClInclude Include="Script2.h" />
    <ClInclude Include="Script3.h" />
    <ClInclude Include="TestShell.h" />
    <ClInclude Include="WriteCommand.h" />
    <ClInclude Include="FullReadCommand.h" />
  </ItemGroup>
  <ItemGroup>
    <None Include="packages.config" />
  </ItemGroup>
</Project>